
Microsoft Visual Studio Solution File, Format Version 12.00
Project("{FAE04EC0-301F-11D3-BF4B-00C04F79EFBC}") = "two-sum", "two-sum\two-sum.csproj", "{13210717-53E8-4E30-B28A-EE5829A15482}"
EndProject
Project("{FAE04EC0-301F-11D3-BF4B-00C04F79EFBC}") = "ConsoleApp1Longest Substring Without Repeating Characters", "ConsoleApp1Longest Substring Without Repeating Characters\ConsoleApp1Longest Substring Without Repeating Characters.csproj", "{89925E90-8DEC-4A03-834A-7178EA45161D}"
EndProject
Project("{FAE04EC0-301F-11D3-BF4B-00C04F79EFBC}") = "Valid Parentheses", "Valid Parentheses\Valid Parentheses.csproj", "{84D8C068-FC4A-4C2A-B9F2-602601FFDE4C}"
EndProject
Project("{FAE04EC0-301F-11D3-BF4B-00C04F79EFBC}") = "Longest Common Prefix", "Longest Common Prefix\Longest Common Prefix.csproj", "{8F1BE584-C3EC-49E7-8500-EABFD3CEB84A}"
EndProject
Project("{FAE04EC0-301F-11D3-BF4B-00C04F79EFBC}") = "String to Integer", "String to Integer\String to Integer.csproj", "{1542CC93-F2EF-4230-81AE-87189FA64EFB}"
EndProject
Project("{FAE04EC0-301F-11D3-BF4B-00C04F79EFBC}") = "Divide Two Integer", "Divide Two Integer\Divide Two Integer.csproj", "{AC5DA87F-AA5D-463C-95A2-CCA3EC8D5FE3}"
EndProject
Project("{FAE04EC0-301F-11D3-BF4B-00C04F79EFBC}") = "ConsoleApp1Max Points on a Line", "ConsoleApp1Max Points on a Line\ConsoleApp1Max Points on a Line.csproj", "{25CA6878-5397-485A-9CCB-B8EA505B7705}"
EndProject
Project("{FAE04EC0-301F-11D3-BF4B-00C04F79EFBC}") = "Add Two Numbers", "Add Two Numbers\Add Two Numbers.csproj", "{8E72A5EA-6B45-487E-B427-827382D1E696}"
EndProject
Project("{FAE04EC0-301F-11D3-BF4B-00C04F79EFBC}") = "Median of Two Sorted Arrays - 4", "Median of Two Sorted Arrays - 4\Median of Two Sorted Arrays - 4.csproj", "{9B2E37EC-DD3C-405C-90F7-963CB67BE120}"
EndProject
Project("{FAE04EC0-301F-11D3-BF4B-00C04F79EFBC}") = "Longest Palindromic Substring", "Longest Palindromic Substring\Longest Palindromic Substring.csproj", "{ED7E4A29-CA30-4B9D-84FF-6FFA5E2BCB76}"
EndProject
Project("{FAE04EC0-301F-11D3-BF4B-00C04F79EFBC}") = "Reverse Integer 7", "Reverse Integer 7\Reverse Integer 7.csproj", "{6C50465C-809E-461E-8300-B898ED08746D}"
EndProject
Project("{FAE04EC0-301F-11D3-BF4B-00C04F79EFBC}") = "Remove Duplicates from Sorted Array 26", "Remove Duplicates from Sorted Array 26\Remove Duplicates from Sorted Array 26.csproj", "{41D4D719-0008-42FE-A109-3DF5EAE22C1A}"
EndProject
Project("{FAE04EC0-301F-11D3-BF4B-00C04F79EFBC}") = "Zigzag Conversion 6", "Zigzag Conversion 6\Zigzag Conversion 6.csproj", "{041A2D8D-A3D4-47BB-BEC5-005B59F316CB}"
EndProject
Project("{FAE04EC0-301F-11D3-BF4B-00C04F79EFBC}") = "Find the Index of the First Occurrence in a String 28", "Find the Index of the First Occurrence in a String 28\Find the Index of the First Occurrence in a String 28.csproj", "{714CC904-D6B9-4DD4-BDB9-E812FCB3F96D}"
EndProject
Project("{FAE04EC0-301F-11D3-BF4B-00C04F79EFBC}") = "Container With Most Water 11", "Container With Most Water 11\Container With Most Water 11.csproj", "{5263F340-AD09-44F1-BB17-75BB5B85535E}"
EndProject
Global
	GlobalSection(SolutionConfigurationPlatforms) = preSolution
		Debug|Any CPU = Debug|Any CPU
		Release|Any CPU = Release|Any CPU
	EndGlobalSection
	GlobalSection(ProjectConfigurationPlatforms) = postSolution
		{13210717-53E8-4E30-B28A-EE5829A15482}.Debug|Any CPU.ActiveCfg = Debug|Any CPU
		{13210717-53E8-4E30-B28A-EE5829A15482}.Debug|Any CPU.Build.0 = Debug|Any CPU
		{13210717-53E8-4E30-B28A-EE5829A15482}.Release|Any CPU.ActiveCfg = Release|Any CPU
		{13210717-53E8-4E30-B28A-EE5829A15482}.Release|Any CPU.Build.0 = Release|Any CPU
		{89925E90-8DEC-4A03-834A-7178EA45161D}.Debug|Any CPU.ActiveCfg = Debug|Any CPU
		{89925E90-8DEC-4A03-834A-7178EA45161D}.Debug|Any CPU.Build.0 = Debug|Any CPU
		{89925E90-8DEC-4A03-834A-7178EA45161D}.Release|Any CPU.ActiveCfg = Release|Any CPU
		{89925E90-8DEC-4A03-834A-7178EA45161D}.Release|Any CPU.Build.0 = Release|Any CPU
		{84D8C068-FC4A-4C2A-B9F2-602601FFDE4C}.Debug|Any CPU.ActiveCfg = Debug|Any CPU
		{84D8C068-FC4A-4C2A-B9F2-602601FFDE4C}.Debug|Any CPU.Build.0 = Debug|Any CPU
		{84D8C068-FC4A-4C2A-B9F2-602601FFDE4C}.Release|Any CPU.ActiveCfg = Release|Any CPU
		{84D8C068-FC4A-4C2A-B9F2-602601FFDE4C}.Release|Any CPU.Build.0 = Release|Any CPU
		{8F1BE584-C3EC-49E7-8500-EABFD3CEB84A}.Debug|Any CPU.ActiveCfg = Debug|Any CPU
		{8F1BE584-C3EC-49E7-8500-EABFD3CEB84A}.Debug|Any CPU.Build.0 = Debug|Any CPU
		{8F1BE584-C3EC-49E7-8500-EABFD3CEB84A}.Release|Any CPU.ActiveCfg = Release|Any CPU
		{8F1BE584-C3EC-49E7-8500-EABFD3CEB84A}.Release|Any CPU.Build.0 = Release|Any CPU
		{1542CC93-F2EF-4230-81AE-87189FA64EFB}.Debug|Any CPU.ActiveCfg = Debug|Any CPU
		{1542CC93-F2EF-4230-81AE-87189FA64EFB}.Debug|Any CPU.Build.0 = Debug|Any CPU
		{1542CC93-F2EF-4230-81AE-87189FA64EFB}.Release|Any CPU.ActiveCfg = Release|Any CPU
		{1542CC93-F2EF-4230-81AE-87189FA64EFB}.Release|Any CPU.Build.0 = Release|Any CPU
		{AC5DA87F-AA5D-463C-95A2-CCA3EC8D5FE3}.Debug|Any CPU.ActiveCfg = Debug|Any CPU
		{AC5DA87F-AA5D-463C-95A2-CCA3EC8D5FE3}.Debug|Any CPU.Build.0 = Debug|Any CPU
		{AC5DA87F-AA5D-463C-95A2-CCA3EC8D5FE3}.Release|Any CPU.ActiveCfg = Release|Any CPU
		{AC5DA87F-AA5D-463C-95A2-CCA3EC8D5FE3}.Release|Any CPU.Build.0 = Release|Any CPU
		{25CA6878-5397-485A-9CCB-B8EA505B7705}.Debug|Any CPU.ActiveCfg = Debug|Any CPU
		{25CA6878-5397-485A-9CCB-B8EA505B7705}.Debug|Any CPU.Build.0 = Debug|Any CPU
		{25CA6878-5397-485A-9CCB-B8EA505B7705}.Release|Any CPU.ActiveCfg = Release|Any CPU
		{25CA6878-5397-485A-9CCB-B8EA505B7705}.Release|Any CPU.Build.0 = Release|Any CPU
		{8E72A5EA-6B45-487E-B427-827382D1E696}.Debug|Any CPU.ActiveCfg = Debug|Any CPU
		{8E72A5EA-6B45-487E-B427-827382D1E696}.Debug|Any CPU.Build.0 = Debug|Any CPU
		{8E72A5EA-6B45-487E-B427-827382D1E696}.Release|Any CPU.ActiveCfg = Release|Any CPU
		{8E72A5EA-6B45-487E-B427-827382D1E696}.Release|Any CPU.Build.0 = Release|Any CPU
		{9B2E37EC-DD3C-405C-90F7-963CB67BE120}.Debug|Any CPU.ActiveCfg = Debug|Any CPU
		{9B2E37EC-DD3C-405C-90F7-963CB67BE120}.Debug|Any CPU.Build.0 = Debug|Any CPU
		{9B2E37EC-DD3C-405C-90F7-963CB67BE120}.Release|Any CPU.ActiveCfg = Release|Any CPU
		{9B2E37EC-DD3C-405C-90F7-963CB67BE120}.Release|Any CPU.Build.0 = Release|Any CPU
		{ED7E4A29-CA30-4B9D-84FF-6FFA5E2BCB76}.Debug|Any CPU.ActiveCfg = Debug|Any CPU
		{ED7E4A29-CA30-4B9D-84FF-6FFA5E2BCB76}.Debug|Any CPU.Build.0 = Debug|Any CPU
		{ED7E4A29-CA30-4B9D-84FF-6FFA5E2BCB76}.Release|Any CPU.ActiveCfg = Release|Any CPU
		{ED7E4A29-CA30-4B9D-84FF-6FFA5E2BCB76}.Release|Any CPU.Build.0 = Release|Any CPU
		{6C50465C-809E-461E-8300-B898ED08746D}.Debug|Any CPU.ActiveCfg = Debug|Any CPU
		{6C50465C-809E-461E-8300-B898ED08746D}.Debug|Any CPU.Build.0 = Debug|Any CPU
		{6C50465C-809E-461E-8300-B898ED08746D}.Release|Any CPU.ActiveCfg = Release|Any CPU
		{6C50465C-809E-461E-8300-B898ED08746D}.Release|Any CPU.Build.0 = Release|Any CPU
		{41D4D719-0008-42FE-A109-3DF5EAE22C1A}.Debug|Any CPU.ActiveCfg = Debug|Any CPU
		{41D4D719-0008-42FE-A109-3DF5EAE22C1A}.Debug|Any CPU.Build.0 = Debug|Any CPU
		{41D4D719-0008-42FE-A109-3DF5EAE22C1A}.Release|Any CPU.ActiveCfg = Release|Any CPU
		{41D4D719-0008-42FE-A109-3DF5EAE22C1A}.Release|Any CPU.Build.0 = Release|Any CPU
		{041A2D8D-A3D4-47BB-BEC5-005B59F316CB}.Debug|Any CPU.ActiveCfg = Debug|Any CPU
		{041A2D8D-A3D4-47BB-BEC5-005B59F316CB}.Debug|Any CPU.Build.0 = Debug|Any CPU
		{041A2D8D-A3D4-47BB-BEC5-005B59F316CB}.Release|Any CPU.ActiveCfg = Release|Any CPU
		{041A2D8D-A3D4-47BB-BEC5-005B59F316CB}.Release|Any CPU.Build.0 = Release|Any CPU
		{714CC904-D6B9-4DD4-BDB9-E812FCB3F96D}.Debug|Any CPU.ActiveCfg = Debug|Any CPU
		{714CC904-D6B9-4DD4-BDB9-E812FCB3F96D}.Debug|Any CPU.Build.0 = Debug|Any CPU
		{714CC904-D6B9-4DD4-BDB9-E812FCB3F96D}.Release|Any CPU.ActiveCfg = Release|Any CPU
		{714CC904-D6B9-4DD4-BDB9-E812FCB3F96D}.Release|Any CPU.Build.0 = Release|Any CPU
		{5263F340-AD09-44F1-BB17-75BB5B85535E}.Debug|Any CPU.ActiveCfg = Debug|Any CPU
		{5263F340-AD09-44F1-BB17-75BB5B85535E}.Debug|Any CPU.Build.0 = Debug|Any CPU
		{5263F340-AD09-44F1-BB17-75BB5B85535E}.Release|Any CPU.ActiveCfg = Release|Any CPU
		{5263F340-AD09-44F1-BB17-75BB5B85535E}.Release|Any CPU.Build.0 = Release|Any CPU
	EndGlobalSection
EndGlobal
